// !$*UTF8*$!
{
	archiveVersion = 1;
	classes = {
	};
	objectVersion = 56;
	objects = {

/* Begin PBXBuildFile section */
		C35886412BAD429800182E84 /* NoteAppApp.swift in Sources */ = {isa = PBXBuildFile; fileRef = C35886402BAD429800182E84 /* NoteAppApp.swift */; };
		C35886432BAD429800182E84 /* MainView.swift in Sources */ = {isa = PBXBuildFile; fileRef = C35886422BAD429800182E84 /* MainView.swift */; };
		C35886452BAD429A00182E84 /* Assets.xcassets in Resources */ = {isa = PBXBuildFile; fileRef = C35886442BAD429A00182E84 /* Assets.xcassets */; };
		C35886482BAD429A00182E84 /* Preview Assets.xcassets in Resources */ = {isa = PBXBuildFile; fileRef = C35886472BAD429A00182E84 /* Preview Assets.xcassets */; };
		C35886522BAD429A00182E84 /* NoteAppTests.swift in Sources */ = {isa = PBXBuildFile; fileRef = C35886512BAD429A00182E84 /* NoteAppTests.swift */; };
		C358865C2BAD429A00182E84 /* NoteAppUITests.swift in Sources */ = {isa = PBXBuildFile; fileRef = C358865B2BAD429A00182E84 /* NoteAppUITests.swift */; };
		C358865E2BAD429A00182E84 /* NoteAppUITestsLaunchTests.swift in Sources */ = {isa = PBXBuildFile; fileRef = C358865D2BAD429A00182E84 /* NoteAppUITestsLaunchTests.swift */; };
		C358866C2BAD44BD00182E84 /* User.swift in Sources */ = {isa = PBXBuildFile; fileRef = C358866B2BAD44BD00182E84 /* User.swift */; };
		C358866E2BAD44FA00182E84 /* NoteItem.swift in Sources */ = {isa = PBXBuildFile; fileRef = C358866D2BAD44FA00182E84 /* NoteItem.swift */; };
		C35886722BAD473D00182E84 /* GoogleService-Info.plist in Resources */ = {isa = PBXBuildFile; fileRef = C35886712BAD473D00182E84 /* GoogleService-Info.plist */; };
		C35886752BAD47D500182E84 /* FirebaseAuth in Frameworks */ = {isa = PBXBuildFile; productRef = C35886742BAD47D500182E84 /* FirebaseAuth */; };
		C35886772BAD47D500182E84 /* FirebaseDatabase in Frameworks */ = {isa = PBXBuildFile; productRef = C35886762BAD47D500182E84 /* FirebaseDatabase */; };
		C35886792BAD47D500182E84 /* FirebaseDatabaseSwift in Frameworks */ = {isa = PBXBuildFile; productRef = C35886782BAD47D500182E84 /* FirebaseDatabaseSwift */; };
		C358867B2BAD47D500182E84 /* FirebaseFirestore in Frameworks */ = {isa = PBXBuildFile; productRef = C358867A2BAD47D500182E84 /* FirebaseFirestore */; };
		C358867D2BAD47D500182E84 /* FirebaseStorage in Frameworks */ = {isa = PBXBuildFile; productRef = C358867C2BAD47D500182E84 /* FirebaseStorage */; };
		C35ED6A42BB9943E00E18856 /* Extension.swift in Sources */ = {isa = PBXBuildFile; fileRef = C35ED6A32BB9943E00E18856 /* Extension.swift */; };
		C35ED6A62BB994B500E18856 /* LoginViewModel.swift in Sources */ = {isa = PBXBuildFile; fileRef = C35ED6A52BB994B500E18856 /* LoginViewModel.swift */; };
		C35ED6A82BB994BF00E18856 /* MainViewModel.swift in Sources */ = {isa = PBXBuildFile; fileRef = C35ED6A72BB994BF00E18856 /* MainViewModel.swift */; };
		C35ED6AA2BB9954900E18856 /* ProfileViewModel.swift in Sources */ = {isa = PBXBuildFile; fileRef = C35ED6A92BB9954900E18856 /* ProfileViewModel.swift */; };
		C35ED6AC2BB9955D00E18856 /* RegisterViewModel.swift in Sources */ = {isa = PBXBuildFile; fileRef = C35ED6AB2BB9955D00E18856 /* RegisterViewModel.swift */; };
		C35ED6AE2BB9957A00E18856 /* NewItemViewModel.swift in Sources */ = {isa = PBXBuildFile; fileRef = C35ED6AD2BB9957A00E18856 /* NewItemViewModel.swift */; };
		C35ED6B02BB9959400E18856 /* NoteItemViewModel.swift in Sources */ = {isa = PBXBuildFile; fileRef = C35ED6AF2BB9959400E18856 /* NoteItemViewModel.swift */; };
		C35ED6B22BB995A600E18856 /* NoteViewModel.swift in Sources */ = {isa = PBXBuildFile; fileRef = C35ED6B12BB995A600E18856 /* NoteViewModel.swift */; };
		C35ED6B42BB995D900E18856 /* EditNoteItemViewModel.swift in Sources */ = {isa = PBXBuildFile; fileRef = C35ED6B32BB995D900E18856 /* EditNoteItemViewModel.swift */; };
		C35ED6B62BB9996E00E18856 /* HeaderView.swift in Sources */ = {isa = PBXBuildFile; fileRef = C35ED6B52BB9996E00E18856 /* HeaderView.swift */; };
		C35ED6B82BB9997D00E18856 /* LoginView.swift in Sources */ = {isa = PBXBuildFile; fileRef = C35ED6B72BB9997D00E18856 /* LoginView.swift */; };
		C35ED6BA2BB9999C00E18856 /* NewItemView.swift in Sources */ = {isa = PBXBuildFile; fileRef = C35ED6B92BB9999C00E18856 /* NewItemView.swift */; };
		C35ED6BC2BB999AA00E18856 /* ProfileView.swift in Sources */ = {isa = PBXBuildFile; fileRef = C35ED6BB2BB999AA00E18856 /* ProfileView.swift */; };
		C35ED6BE2BB999B900E18856 /* RegisterView.swift in Sources */ = {isa = PBXBuildFile; fileRef = C35ED6BD2BB999B900E18856 /* RegisterView.swift */; };
		C35ED6C02BB999CC00E18856 /* TLButton.swift in Sources */ = {isa = PBXBuildFile; fileRef = C35ED6BF2BB999CC00E18856 /* TLButton.swift */; };
		C35ED6C22BB999E800E18856 /* NoteItemView.swift in Sources */ = {isa = PBXBuildFile; fileRef = C35ED6C12BB999E800E18856 /* NoteItemView.swift */; };
		C35ED6C42BB999F300E18856 /* NoteView.swift in Sources */ = {isa = PBXBuildFile; fileRef = C35ED6C32BB999F300E18856 /* NoteView.swift */; };
		C35ED6C62BB9C5FB00E18856 /* EditNoteItemView.swift in Sources */ = {isa = PBXBuildFile; fileRef = C35ED6C52BB9C5FB00E18856 /* EditNoteItemView.swift */; };
		C35ED6C82BBACD5F00E18856 /* FirebaseFirestoreSwift in Frameworks */ = {isa = PBXBuildFile; productRef = C35ED6C72BBACD5F00E18856 /* FirebaseFirestoreSwift */; };
/* End PBXBuildFile section */

/* Begin PBXContainerItemProxy section */
		C358864E2BAD429A00182E84 /* PBXContainerItemProxy */ = {
			isa = PBXContainerItemProxy;
			containerPortal = C35886352BAD429800182E84 /* Project object */;
			proxyType = 1;
			remoteGlobalIDString = C358863C2BAD429800182E84;
			remoteInfo = NoteApp;
		};
		C35886582BAD429A00182E84 /* PBXContainerItemProxy */ = {
			isa = PBXContainerItemProxy;
			containerPortal = C35886352BAD429800182E84 /* Project object */;
			proxyType = 1;
			remoteGlobalIDString = C358863C2BAD429800182E84;
			remoteInfo = NoteApp;
		};
/* End PBXContainerItemProxy section */

/* Begin PBXFileReference section */
		C358863D2BAD429800182E84 /* NoteApp.app */ = {isa = PBXFileReference; explicitFileType = wrapper.application; includeInIndex = 0; path = NoteApp.app; sourceTree = BUILT_PRODUCTS_DIR; };
		C35886402BAD429800182E84 /* NoteAppApp.swift */ = {isa = PBXFileReference; lastKnownFileType = sourcecode.swift; path = NoteAppApp.swift; sourceTree = "<group>"; };
		C35886422BAD429800182E84 /* MainView.swift */ = {isa = PBXFileReference; lastKnownFileType = sourcecode.swift; path = MainView.swift; sourceTree = "<group>"; };
		C35886442BAD429A00182E84 /* Assets.xcassets */ = {isa = PBXFileReference; lastKnownFileType = folder.assetcatalog; path = Assets.xcassets; sourceTree = "<group>"; };
		C35886472BAD429A00182E84 /* Preview Assets.xcassets */ = {isa = PBXFileReference; lastKnownFileType = folder.assetcatalog; path = "Preview Assets.xcassets"; sourceTree = "<group>"; };
		C358864D2BAD429A00182E84 /* NoteAppTests.xctest */ = {isa = PBXFileReference; explicitFileType = wrapper.cfbundle; includeInIndex = 0; path = NoteAppTests.xctest; sourceTree = BUILT_PRODUCTS_DIR; };
		C35886512BAD429A00182E84 /* NoteAppTests.swift */ = {isa = PBXFileReference; lastKnownFileType = sourcecode.swift; path = NoteAppTests.swift; sourceTree = "<group>"; };
		C35886572BAD429A00182E84 /* NoteAppUITests.xctest */ = {isa = PBXFileReference; explicitFileType = wrapper.cfbundle; includeInIndex = 0; path = NoteAppUITests.xctest; sourceTree = BUILT_PRODUCTS_DIR; };
		C358865B2BAD429A00182E84 /* NoteAppUITests.swift */ = {isa = PBXFileReference; lastKnownFileType = sourcecode.swift; path = NoteAppUITests.swift; sourceTree = "<group>"; };
		C358865D2BAD429A00182E84 /* NoteAppUITestsLaunchTests.swift */ = {isa = PBXFileReference; lastKnownFileType = sourcecode.swift; path = NoteAppUITestsLaunchTests.swift; sourceTree = "<group>"; };
		C358866B2BAD44BD00182E84 /* User.swift */ = {isa = PBXFileReference; lastKnownFileType = sourcecode.swift; path = User.swift; sourceTree = "<group>"; };
		C358866D2BAD44FA00182E84 /* NoteItem.swift */ = {isa = PBXFileReference; lastKnownFileType = sourcecode.swift; path = NoteItem.swift; sourceTree = "<group>"; };
		C35886712BAD473D00182E84 /* GoogleService-Info.plist */ = {isa = PBXFileReference; fileEncoding = 4; lastKnownFileType = text.plist.xml; name = "GoogleService-Info.plist"; path = "../../../../../Downloads/GoogleService-Info.plist"; sourceTree = "<group>"; };
		C35ED6A32BB9943E00E18856 /* Extension.swift */ = {isa = PBXFileReference; lastKnownFileType = sourcecode.swift; path = Extension.swift; sourceTree = "<group>"; };
		C35ED6A52BB994B500E18856 /* LoginViewModel.swift */ = {isa = PBXFileReference; lastKnownFileType = sourcecode.swift; path = LoginViewModel.swift; sourceTree = "<group>"; };
		C35ED6A72BB994BF00E18856 /* MainViewModel.swift */ = {isa = PBXFileReference; lastKnownFileType = sourcecode.swift; path = MainViewModel.swift; sourceTree = "<group>"; };
		C35ED6A92BB9954900E18856 /* ProfileViewModel.swift */ = {isa = PBXFileReference; lastKnownFileType = sourcecode.swift; path = ProfileViewModel.swift; sourceTree = "<group>"; };
		C35ED6AB2BB9955D00E18856 /* RegisterViewModel.swift */ = {isa = PBXFileReference; lastKnownFileType = sourcecode.swift; path = RegisterViewModel.swift; sourceTree = "<group>"; };
		C35ED6AD2BB9957A00E18856 /* NewItemViewModel.swift */ = {isa = PBXFileReference; lastKnownFileType = sourcecode.swift; path = NewItemViewModel.swift; sourceTree = "<group>"; };
		C35ED6AF2BB9959400E18856 /* NoteItemViewModel.swift */ = {isa = PBXFileReference; lastKnownFileType = sourcecode.swift; path = NoteItemViewModel.swift; sourceTree = "<group>"; };
		C35ED6B12BB995A600E18856 /* NoteViewModel.swift */ = {isa = PBXFileReference; lastKnownFileType = sourcecode.swift; path = NoteViewModel.swift; sourceTree = "<group>"; };
		C35ED6B32BB995D900E18856 /* EditNoteItemViewModel.swift */ = {isa = PBXFileReference; lastKnownFileType = sourcecode.swift; path = EditNoteItemViewModel.swift; sourceTree = "<group>"; };
		C35ED6B52BB9996E00E18856 /* HeaderView.swift */ = {isa = PBXFileReference; lastKnownFileType = sourcecode.swift; path = HeaderView.swift; sourceTree = "<group>"; };
		C35ED6B72BB9997D00E18856 /* LoginView.swift */ = {isa = PBXFileReference; lastKnownFileType = sourcecode.swift; path = LoginView.swift; sourceTree = "<group>"; };
		C35ED6B92BB9999C00E18856 /* NewItemView.swift */ = {isa = PBXFileReference; lastKnownFileType = sourcecode.swift; path = NewItemView.swift; sourceTree = "<group>"; };
		C35ED6BB2BB999AA00E18856 /* ProfileView.swift */ = {isa = PBXFileReference; lastKnownFileType = sourcecode.swift; path = ProfileView.swift; sourceTree = "<group>"; };
		C35ED6BD2BB999B900E18856 /* RegisterView.swift */ = {isa = PBXFileReference; lastKnownFileType = sourcecode.swift; path = RegisterView.swift; sourceTree = "<group>"; };
		C35ED6BF2BB999CC00E18856 /* TLButton.swift */ = {isa = PBXFileReference; lastKnownFileType = sourcecode.swift; path = TLButton.swift; sourceTree = "<group>"; };
		C35ED6C12BB999E800E18856 /* NoteItemView.swift */ = {isa = PBXFileReference; lastKnownFileType = sourcecode.swift; path = NoteItemView.swift; sourceTree = "<group>"; };
		C35ED6C32BB999F300E18856 /* NoteView.swift */ = {isa = PBXFileReference; lastKnownFileType = sourcecode.swift; path = NoteView.swift; sourceTree = "<group>"; };
		C35ED6C52BB9C5FB00E18856 /* EditNoteItemView.swift */ = {isa = PBXFileReference; lastKnownFileType = sourcecode.swift; path = EditNoteItemView.swift; sourceTree = "<group>"; };
/* End PBXFileReference section */

/* Begin PBXFrameworksBuildPhase section */
		C358863A2BAD429800182E84 /* Frameworks */ = {
			isa = PBXFrameworksBuildPhase;
			buildActionMask = 2147483647;
			files = (
				C35886792BAD47D500182E84 /* FirebaseDatabaseSwift in Frameworks */,
				C358867B2BAD47D500182E84 /* FirebaseFirestore in Frameworks */,
				C35886772BAD47D500182E84 /* FirebaseDatabase in Frameworks */,
				C358867D2BAD47D500182E84 /* FirebaseStorage in Frameworks */,
				C35886752BAD47D500182E84 /* FirebaseAuth in Frameworks */,
				C35ED6C82BBACD5F00E18856 /* FirebaseFirestoreSwift in Frameworks */,
			);
			runOnlyForDeploymentPostprocessing = 0;
		};
		C358864A2BAD429A00182E84 /* Frameworks */ = {
			isa = PBXFrameworksBuildPhase;
			buildActionMask = 2147483647;
			files = (
			);
			runOnlyForDeploymentPostprocessing = 0;
		};
		C35886542BAD429A00182E84 /* Frameworks */ = {
			isa = PBXFrameworksBuildPhase;
			buildActionMask = 2147483647;
			files = (
			);
			runOnlyForDeploymentPostprocessing = 0;
		};
/* End PBXFrameworksBuildPhase section */

/* Begin PBXGroup section */
		C35886342BAD429800182E84 = {
			isa = PBXGroup;
			children = (
				C358863F2BAD429800182E84 /* NoteApp */,
				C35886502BAD429A00182E84 /* NoteAppTests */,
				C358865A2BAD429A00182E84 /* NoteAppUITests */,
				C358863E2BAD429800182E84 /* Products */,
			);
			sourceTree = "<group>";
		};
		C358863E2BAD429800182E84 /* Products */ = {
			isa = PBXGroup;
			children = (
				C358863D2BAD429800182E84 /* NoteApp.app */,
				C358864D2BAD429A00182E84 /* NoteAppTests.xctest */,
				C35886572BAD429A00182E84 /* NoteAppUITests.xctest */,
			);
			name = Products;
			sourceTree = "<group>";
		};
		C358863F2BAD429800182E84 /* NoteApp */ = {
			isa = PBXGroup;
			children = (
				C358867E2BAD499100182E84 /* ViewModels */,
				C358866F2BAD455A00182E84 /* Views */,
				C35886702BAD46E000182E84 /* Others */,
				C358866A2BAD445300182E84 /* Model */,
				C35886462BAD429A00182E84 /* Preview Content */,
			);
			path = NoteApp;
			sourceTree = "<group>";
		};
		C35886462BAD429A00182E84 /* Preview Content */ = {
			isa = PBXGroup;
			children = (
				C35886472BAD429A00182E84 /* Preview Assets.xcassets */,
			);
			path = "Preview Content";
			sourceTree = "<group>";
		};
		C35886502BAD429A00182E84 /* NoteAppTests */ = {
			isa = PBXGroup;
			children = (
				C35886512BAD429A00182E84 /* NoteAppTests.swift */,
			);
			path = NoteAppTests;
			sourceTree = "<group>";
		};
		C358865A2BAD429A00182E84 /* NoteAppUITests */ = {
			isa = PBXGroup;
			children = (
				C358865B2BAD429A00182E84 /* NoteAppUITests.swift */,
				C358865D2BAD429A00182E84 /* NoteAppUITestsLaunchTests.swift */,
			);
			path = NoteAppUITests;
			sourceTree = "<group>";
		};
		C358866A2BAD445300182E84 /* Model */ = {
			isa = PBXGroup;
			children = (
				C358866B2BAD44BD00182E84 /* User.swift */,
				C358866D2BAD44FA00182E84 /* NoteItem.swift */,
			);
			path = Model;
			sourceTree = "<group>";
		};
		C358866F2BAD455A00182E84 /* Views */ = {
			isa = PBXGroup;
			children = (
				C35886422BAD429800182E84 /* MainView.swift */,
				C35ED6B52BB9996E00E18856 /* HeaderView.swift */,
				C35ED6B72BB9997D00E18856 /* LoginView.swift */,
				C35ED6B92BB9999C00E18856 /* NewItemView.swift */,
				C35ED6BB2BB999AA00E18856 /* ProfileView.swift */,
				C35ED6BD2BB999B900E18856 /* RegisterView.swift */,
				C35ED6BF2BB999CC00E18856 /* TLButton.swift */,
				C35ED6C12BB999E800E18856 /* NoteItemView.swift */,
				C35ED6C32BB999F300E18856 /* NoteView.swift */,
				C35ED6C52BB9C5FB00E18856 /* EditNoteItemView.swift */,
			);
			path = Views;
			sourceTree = "<group>";
		};
		C35886702BAD46E000182E84 /* Others */ = {
			isa = PBXGroup;
			children = (
				C35886402BAD429800182E84 /* NoteAppApp.swift */,
				C35ED6A32BB9943E00E18856 /* Extension.swift */,
				C35886442BAD429A00182E84 /* Assets.xcassets */,
				C35886712BAD473D00182E84 /* GoogleService-Info.plist */,
			);
			path = Others;
			sourceTree = "<group>";
		};
		C358867E2BAD499100182E84 /* ViewModels */ = {
			isa = PBXGroup;
			children = (
				C35ED6A52BB994B500E18856 /* LoginViewModel.swift */,
				C35ED6A72BB994BF00E18856 /* MainViewModel.swift */,
				C35ED6A92BB9954900E18856 /* ProfileViewModel.swift */,
				C35ED6AB2BB9955D00E18856 /* RegisterViewModel.swift */,
				C35ED6AD2BB9957A00E18856 /* NewItemViewModel.swift */,
				C35ED6AF2BB9959400E18856 /* NoteItemViewModel.swift */,
				C35ED6B12BB995A600E18856 /* NoteViewModel.swift */,
				C35ED6B32BB995D900E18856 /* EditNoteItemViewModel.swift */,
			);
			path = ViewModels;
			sourceTree = "<group>";
		};
/* End PBXGroup section */

/* Begin PBXNativeTarget section */
		C358863C2BAD429800182E84 /* NoteApp */ = {
			isa = PBXNativeTarget;
			buildConfigurationList = C35886612BAD429A00182E84 /* Build configuration list for PBXNativeTarget "NoteApp" */;
			buildPhases = (
				C35886392BAD429800182E84 /* Sources */,
				C358863A2BAD429800182E84 /* Frameworks */,
				C358863B2BAD429800182E84 /* Resources */,
			);
			buildRules = (
			);
			dependencies = (
			);
			name = NoteApp;
			packageProductDependencies = (
				C35886742BAD47D500182E84 /* FirebaseAuth */,
				C35886762BAD47D500182E84 /* FirebaseDatabase */,
				C35886782BAD47D500182E84 /* FirebaseDatabaseSwift */,
				C358867A2BAD47D500182E84 /* FirebaseFirestore */,
				C358867C2BAD47D500182E84 /* FirebaseStorage */,
				C35ED6C72BBACD5F00E18856 /* FirebaseFirestoreSwift */,
			);
			productName = NoteApp;
			productReference = C358863D2BAD429800182E84 /* NoteApp.app */;
			productType = "com.apple.product-type.application";
		};
		C358864C2BAD429A00182E84 /* NoteAppTests */ = {
			isa = PBXNativeTarget;
			buildConfigurationList = C35886642BAD429A00182E84 /* Build configuration list for PBXNativeTarget "NoteAppTests" */;
			buildPhases = (
				C35886492BAD429A00182E84 /* Sources */,
				C358864A2BAD429A00182E84 /* Frameworks */,
				C358864B2BAD429A00182E84 /* Resources */,
			);
			buildRules = (
			);
			dependencies = (
				C358864F2BAD429A00182E84 /* PBXTargetDependency */,
			);
			name = NoteAppTests;
			productName = NoteAppTests;
			productReference = C358864D2BAD429A00182E84 /* NoteAppTests.xctest */;
			productType = "com.apple.product-type.bundle.unit-test";
		};
		C35886562BAD429A00182E84 /* NoteAppUITests */ = {
			isa = PBXNativeTarget;
			buildConfigurationList = C35886672BAD429A00182E84 /* Build configuration list for PBXNativeTarget "NoteAppUITests" */;
			buildPhases = (
				C35886532BAD429A00182E84 /* Sources */,
				C35886542BAD429A00182E84 /* Frameworks */,
				C35886552BAD429A00182E84 /* Resources */,
			);
			buildRules = (
			);
			dependencies = (
				C35886592BAD429A00182E84 /* PBXTargetDependency */,
			);
			name = NoteAppUITests;
			productName = NoteAppUITests;
			productReference = C35886572BAD429A00182E84 /* NoteAppUITests.xctest */;
			productType = "com.apple.product-type.bundle.ui-testing";
		};
/* End PBXNativeTarget section */

/* Begin PBXProject section */
		C35886352BAD429800182E84 /* Project object */ = {
			isa = PBXProject;
			attributes = {
				BuildIndependentTargetsInParallel = 1;
				LastSwiftUpdateCheck = 1530;
				LastUpgradeCheck = 1530;
				TargetAttributes = {
					C358863C2BAD429800182E84 = {
						CreatedOnToolsVersion = 15.3;
					};
					C358864C2BAD429A00182E84 = {
						CreatedOnToolsVersion = 15.3;
						TestTargetID = C358863C2BAD429800182E84;
					};
					C35886562BAD429A00182E84 = {
						CreatedOnToolsVersion = 15.3;
						TestTargetID = C358863C2BAD429800182E84;
					};
				};
			};
			buildConfigurationList = C35886382BAD429800182E84 /* Build configuration list for PBXProject "NoteApp" */;
			compatibilityVersion = "Xcode 14.0";
			developmentRegion = en;
			hasScannedForEncodings = 0;
			knownRegions = (
				en,
				Base,
			);
			mainGroup = C35886342BAD429800182E84;
			packageReferences = (
				C35886732BAD47D500182E84 /* XCRemoteSwiftPackageReference "firebase-ios-sdk" */,
			);
			productRefGroup = C358863E2BAD429800182E84 /* Products */;
			projectDirPath = "";
			projectRoot = "";
			targets = (
				C358863C2BAD429800182E84 /* NoteApp */,
				C358864C2BAD429A00182E84 /* NoteAppTests */,
				C35886562BAD429A00182E84 /* NoteAppUITests */,
			);
		};
/* End PBXProject section */

/* Begin PBXResourcesBuildPhase section */
		C358863B2BAD429800182E84 /* Resources */ = {
			isa = PBXResourcesBuildPhase;
			buildActionMask = 2147483647;
			files = (
				C35886482BAD429A00182E84 /* Preview Assets.xcassets in Resources */,
				C35886452BAD429A00182E84 /* Assets.xcassets in Resources */,
				C35886722BAD473D00182E84 /* GoogleService-Info.plist in Resources */,
			);
			runOnlyForDeploymentPostprocessing = 0;
		};
		C358864B2BAD429A00182E84 /* Resources */ = {
			isa = PBXResourcesBuildPhase;
			buildActionMask = 2147483647;
			files = (
			);
			runOnlyForDeploymentPostprocessing = 0;
		};
		C35886552BAD429A00182E84 /* Resources */ = {
			isa = PBXResourcesBuildPhase;
			buildActionMask = 2147483647;
			files = (
			);
			runOnlyForDeploymentPostprocessing = 0;
		};
/* End PBXResourcesBuildPhase section */

/* Begin PBXSourcesBuildPhase section */
		C35886392BAD429800182E84 /* Sources */ = {
			isa = PBXSourcesBuildPhase;
			buildActionMask = 2147483647;
			files = (
				C35ED6A82BB994BF00E18856 /* MainViewModel.swift in Sources */,
				C35ED6A42BB9943E00E18856 /* Extension.swift in Sources */,
				C35ED6AE2BB9957A00E18856 /* NewItemViewModel.swift in Sources */,
				C35ED6B82BB9997D00E18856 /* LoginView.swift in Sources */,
				C35886432BAD429800182E84 /* MainView.swift in Sources */,
				C35ED6C42BB999F300E18856 /* NoteView.swift in Sources */,
				C35ED6B02BB9959400E18856 /* NoteItemViewModel.swift in Sources */,
				C35ED6A62BB994B500E18856 /* LoginViewModel.swift in Sources */,
				C35ED6C02BB999CC00E18856 /* TLButton.swift in Sources */,
				C35886412BAD429800182E84 /* NoteAppApp.swift in Sources */,
				C35ED6C22BB999E800E18856 /* NoteItemView.swift in Sources */,
				C35ED6B42BB995D900E18856 /* EditNoteItemViewModel.swift in Sources */,
				C35ED6BE2BB999B900E18856 /* RegisterView.swift in Sources */,
				C35ED6BC2BB999AA00E18856 /* ProfileView.swift in Sources */,
				C358866E2BAD44FA00182E84 /* NoteItem.swift in Sources */,
				C35ED6BA2BB9999C00E18856 /* NewItemView.swift in Sources */,
				C35ED6B22BB995A600E18856 /* NoteViewModel.swift in Sources */,
				C35ED6C62BB9C5FB00E18856 /* EditNoteItemView.swift in Sources */,
				C35ED6AA2BB9954900E18856 /* ProfileViewModel.swift in Sources */,
				C35ED6AC2BB9955D00E18856 /* RegisterViewModel.swift in Sources */,
				C358866C2BAD44BD00182E84 /* User.swift in Sources */,
				C35ED6B62BB9996E00E18856 /* HeaderView.swift in Sources */,
			);
			runOnlyForDeploymentPostprocessing = 0;
		};
		C35886492BAD429A00182E84 /* Sources */ = {
			isa = PBXSourcesBuildPhase;
			buildActionMask = 2147483647;
			files = (
				C35886522BAD429A00182E84 /* NoteAppTests.swift in Sources */,
			);
			runOnlyForDeploymentPostprocessing = 0;
		};
		C35886532BAD429A00182E84 /* Sources */ = {
			isa = PBXSourcesBuildPhase;
			buildActionMask = 2147483647;
			files = (
				C358865E2BAD429A00182E84 /* NoteAppUITestsLaunchTests.swift in Sources */,
				C358865C2BAD429A00182E84 /* NoteAppUITests.swift in Sources */,
			);
			runOnlyForDeploymentPostprocessing = 0;
		};
/* End PBXSourcesBuildPhase section */

/* Begin PBXTargetDependency section */
		C358864F2BAD429A00182E84 /* PBXTargetDependency */ = {
			isa = PBXTargetDependency;
			target = C358863C2BAD429800182E84 /* NoteApp */;
			targetProxy = C358864E2BAD429A00182E84 /* PBXContainerItemProxy */;
		};
		C35886592BAD429A00182E84 /* PBXTargetDependency */ = {
			isa = PBXTargetDependency;
			target = C358863C2BAD429800182E84 /* NoteApp */;
			targetProxy = C35886582BAD429A00182E84 /* PBXContainerItemProxy */;
		};
/* End PBXTargetDependency section */

/* Begin XCBuildConfiguration section */
		C358865F2BAD429A00182E84 /* Debug */ = {
			isa = XCBuildConfiguration;
			buildSettings = {
				ALWAYS_SEARCH_USER_PATHS = NO;
				ASSETCATALOG_COMPILER_GENERATE_SWIFT_ASSET_SYMBOL_EXTENSIONS = YES;
				CLANG_ANALYZER_NONNULL = YES;
				CLANG_ANALYZER_NUMBER_OBJECT_CONVERSION = YES_AGGRESSIVE;
				CLANG_CXX_LANGUAGE_STANDARD = "gnu++20";
				CLANG_ENABLE_MODULES = YES;
				CLANG_ENABLE_OBJC_ARC = YES;
				CLANG_ENABLE_OBJC_WEAK = YES;
				CLANG_WARN_BLOCK_CAPTURE_AUTORELEASING = YES;
				CLANG_WARN_BOOL_CONVERSION = YES;
				CLANG_WARN_COMMA = YES;
				CLANG_WARN_CONSTANT_CONVERSION = YES;
				CLANG_WARN_DEPRECATED_OBJC_IMPLEMENTATIONS = YES;
				CLANG_WARN_DIRECT_OBJC_ISA_USAGE = YES_ERROR;
				CLANG_WARN_DOCUMENTATION_COMMENTS = YES;
				CLANG_WARN_EMPTY_BODY = YES;
				CLANG_WARN_ENUM_CONVERSION = YES;
				CLANG_WARN_INFINITE_RECURSION = YES;
				CLANG_WARN_INT_CONVERSION = YES;
				CLANG_WARN_NON_LITERAL_NULL_CONVERSION = YES;
				CLANG_WARN_OBJC_IMPLICIT_RETAIN_SELF = YES;
				CLANG_WARN_OBJC_LITERAL_CONVERSION = YES;
				CLANG_WARN_OBJC_ROOT_CLASS = YES_ERROR;
				CLANG_WARN_QUOTED_INCLUDE_IN_FRAMEWORK_HEADER = YES;
				CLANG_WARN_RANGE_LOOP_ANALYSIS = YES;
				CLANG_WARN_STRICT_PROTOTYPES = YES;
				CLANG_WARN_SUSPICIOUS_MOVE = YES;
				CLANG_WARN_UNGUARDED_AVAILABILITY = YES_AGGRESSIVE;
				CLANG_WARN_UNREACHABLE_CODE = YES;
				CLANG_WARN__DUPLICATE_METHOD_MATCH = YES;
				COPY_PHASE_STRIP = NO;
				DEBUG_INFORMATION_FORMAT = dwarf;
				ENABLE_STRICT_OBJC_MSGSEND = YES;
				ENABLE_TESTABILITY = YES;
				ENABLE_USER_SCRIPT_SANDBOXING = YES;
				GCC_C_LANGUAGE_STANDARD = gnu17;
				GCC_DYNAMIC_NO_PIC = NO;
				GCC_NO_COMMON_BLOCKS = YES;
				GCC_OPTIMIZATION_LEVEL = 0;
				GCC_PREPROCESSOR_DEFINITIONS = (
					"DEBUG=1",
					"$(inherited)",
				);
				GCC_WARN_64_TO_32_BIT_CONVERSION = YES;
				GCC_WARN_ABOUT_RETURN_TYPE = YES_ERROR;
				GCC_WARN_UNDECLARED_SELECTOR = YES;
				GCC_WARN_UNINITIALIZED_AUTOS = YES_AGGRESSIVE;
				GCC_WARN_UNUSED_FUNCTION = YES;
				GCC_WARN_UNUSED_VARIABLE = YES;
				IPHONEOS_DEPLOYMENT_TARGET = 17.4;
				LOCALIZATION_PREFERS_STRING_CATALOGS = YES;
				MTL_ENABLE_DEBUG_INFO = INCLUDE_SOURCE;
				MTL_FAST_MATH = YES;
				ONLY_ACTIVE_ARCH = YES;
				SDKROOT = iphoneos;
				SWIFT_ACTIVE_COMPILATION_CONDITIONS = "DEBUG $(inherited)";
				SWIFT_OPTIMIZATION_LEVEL = "-Onone";
			};
			name = Debug;
		};
		C35886602BAD429A00182E84 /* Release */ = {
			isa = XCBuildConfiguration;
			buildSettings = {
				ALWAYS_SEARCH_USER_PATHS = NO;
				ASSETCATALOG_COMPILER_GENERATE_SWIFT_ASSET_SYMBOL_EXTENSIONS = YES;
				CLANG_ANALYZER_NONNULL = YES;
				CLANG_ANALYZER_NUMBER_OBJECT_CONVERSION = YES_AGGRESSIVE;
				CLANG_CXX_LANGUAGE_STANDARD = "gnu++20";
				CLANG_ENABLE_MODULES = YES;
				CLANG_ENABLE_OBJC_ARC = YES;
				CLANG_ENABLE_OBJC_WEAK = YES;
				CLANG_WARN_BLOCK_CAPTURE_AUTORELEASING = YES;
				CLANG_WARN_BOOL_CONVERSION = YES;
				CLANG_WARN_COMMA = YES;
				CLANG_WARN_CONSTANT_CONVERSION = YES;
				CLANG_WARN_DEPRECATED_OBJC_IMPLEMENTATIONS = YES;
				CLANG_WARN_DIRECT_OBJC_ISA_USAGE = YES_ERROR;
				CLANG_WARN_DOCUMENTATION_COMMENTS = YES;
				CLANG_WARN_EMPTY_BODY = YES;
				CLANG_WARN_ENUM_CONVERSION = YES;
				CLANG_WARN_INFINITE_RECURSION = YES;
				CLANG_WARN_INT_CONVERSION = YES;
				CLANG_WARN_NON_LITERAL_NULL_CONVERSION = YES;
				CLANG_WARN_OBJC_IMPLICIT_RETAIN_SELF = YES;
				CLANG_WARN_OBJC_LITERAL_CONVERSION = YES;
				CLANG_WARN_OBJC_ROOT_CLASS = YES_ERROR;
				CLANG_WARN_QUOTED_INCLUDE_IN_FRAMEWORK_HEADER = YES;
				CLANG_WARN_RANGE_LOOP_ANALYSIS = YES;
				CLANG_WARN_STRICT_PROTOTYPES = YES;
				CLANG_WARN_SUSPICIOUS_MOVE = YES;
				CLANG_WARN_UNGUARDED_AVAILABILITY = YES_AGGRESSIVE;
				CLANG_WARN_UNREACHABLE_CODE = YES;
				CLANG_WARN__DUPLICATE_METHOD_MATCH = YES;
				COPY_PHASE_STRIP = NO;
				DEBUG_INFORMATION_FORMAT = "dwarf-with-dsym";
				ENABLE_NS_ASSERTIONS = NO;
				ENABLE_STRICT_OBJC_MSGSEND = YES;
				ENABLE_USER_SCRIPT_SANDBOXING = YES;
				GCC_C_LANGUAGE_STANDARD = gnu17;
				GCC_NO_COMMON_BLOCKS = YES;
				GCC_WARN_64_TO_32_BIT_CONVERSION = YES;
				GCC_WARN_ABOUT_RETURN_TYPE = YES_ERROR;
				GCC_WARN_UNDECLARED_SELECTOR = YES;
				GCC_WARN_UNINITIALIZED_AUTOS = YES_AGGRESSIVE;
				GCC_WARN_UNUSED_FUNCTION = YES;
				GCC_WARN_UNUSED_VARIABLE = YES;
				IPHONEOS_DEPLOYMENT_TARGET = 17.4;
				LOCALIZATION_PREFERS_STRING_CATALOGS = YES;
				MTL_ENABLE_DEBUG_INFO = NO;
				MTL_FAST_MATH = YES;
				SDKROOT = iphoneos;
				SWIFT_COMPILATION_MODE = wholemodule;
				VALIDATE_PRODUCT = YES;
			};
			name = Release;
		};
		C35886622BAD429A00182E84 /* Debug */ = {
			isa = XCBuildConfiguration;
			buildSettings = {
				ASSETCATALOG_COMPILER_APPICON_NAME = AppIcon;
				ASSETCATALOG_COMPILER_GLOBAL_ACCENT_COLOR_NAME = AccentColor;
				CODE_SIGN_STYLE = Automatic;
				CURRENT_PROJECT_VERSION = 1;
				DEVELOPMENT_ASSET_PATHS = "\"NoteApp/Preview Content\"";
				DEVELOPMENT_TEAM = GW582Z4DA7;
				ENABLE_PREVIEWS = YES;
				GENERATE_INFOPLIST_FILE = YES;
				INFOPLIST_KEY_UIApplicationSceneManifest_Generation = YES;
				INFOPLIST_KEY_UIApplicationSupportsIndirectInputEvents = YES;
				INFOPLIST_KEY_UILaunchScreen_Generation = YES;
				INFOPLIST_KEY_UISupportedInterfaceOrientations_iPad = "UIInterfaceOrientationPortrait UIInterfaceOrientationPortraitUpsideDown UIInterfaceOrientationLandscapeLeft UIInterfaceOrientationLandscapeRight";
				INFOPLIST_KEY_UISupportedInterfaceOrientations_iPhone = "UIInterfaceOrientationPortrait UIInterfaceOrientationLandscapeLeft UIInterfaceOrientationLandscapeRight";
				LD_RUNPATH_SEARCH_PATHS = (
					"$(inherited)",
					"@executable_path/Frameworks",
				);
				MARKETING_VERSION = 1.0;
				PRODUCT_BUNDLE_IDENTIFIER = chalisa.NoteApp;
				PRODUCT_NAME = "$(TARGET_NAME)";
				SWIFT_EMIT_LOC_STRINGS = YES;
				SWIFT_VERSION = 5.0;
				TARGETED_DEVICE_FAMILY = "1,2";
			};
			name = Debug;
		};
		C35886632BAD429A00182E84 /* Release */ = {
			isa = XCBuildConfiguration;
			buildSettings = {
				ASSETCATALOG_COMPILER_APPICON_NAME = AppIcon;
				ASSETCATALOG_COMPILER_GLOBAL_ACCENT_COLOR_NAME = AccentColor;
				CODE_SIGN_STYLE = Automatic;
				CURRENT_PROJECT_VERSION = 1;
				DEVELOPMENT_ASSET_PATHS = "\"NoteApp/Preview Content\"";
				DEVELOPMENT_TEAM = GW582Z4DA7;
				ENABLE_PREVIEWS = YES;
				GENERATE_INFOPLIST_FILE = YES;
				INFOPLIST_KEY_UIApplicationSceneManifest_Generation = YES;
				INFOPLIST_KEY_UIApplicationSupportsIndirectInputEvents = YES;
				INFOPLIST_KEY_UILaunchScreen_Generation = YES;
				INFOPLIST_KEY_UISupportedInterfaceOrientations_iPad = "UIInterfaceOrientationPortrait UIInterfaceOrientationPortraitUpsideDown UIInterfaceOrientationLandscapeLeft UIInterfaceOrientationLandscapeRight";
				INFOPLIST_KEY_UISupportedInterfaceOrientations_iPhone = "UIInterfaceOrientationPortrait UIInterfaceOrientationLandscapeLeft UIInterfaceOrientationLandscapeRight";
				LD_RUNPATH_SEARCH_PATHS = (
					"$(inherited)",
					"@executable_path/Frameworks",
				);
				MARKETING_VERSION = 1.0;
				PRODUCT_BUNDLE_IDENTIFIER = chalisa.NoteApp;
				PRODUCT_NAME = "$(TARGET_NAME)";
				SWIFT_EMIT_LOC_STRINGS = YES;
				SWIFT_VERSION = 5.0;
				TARGETED_DEVICE_FAMILY = "1,2";
			};
			name = Release;
		};
		C35886652BAD429A00182E84 /* Debug */ = {
			isa = XCBuildConfiguration;
			buildSettings = {
				ALWAYS_EMBED_SWIFT_STANDARD_LIBRARIES = YES;
				BUNDLE_LOADER = "$(TEST_HOST)";
				CODE_SIGN_STYLE = Automatic;
				CURRENT_PROJECT_VERSION = 1;
				DEVELOPMENT_TEAM = GW582Z4DA7;
				GENERATE_INFOPLIST_FILE = YES;
				IPHONEOS_DEPLOYMENT_TARGET = 17.4;
				MARKETING_VERSION = 1.0;
				PRODUCT_BUNDLE_IDENTIFIER = chalisa.NoteAppTests;
				PRODUCT_NAME = "$(TARGET_NAME)";
				SWIFT_EMIT_LOC_STRINGS = NO;
				SWIFT_VERSION = 5.0;
				TARGETED_DEVICE_FAMILY = "1,2";
				TEST_HOST = "$(BUILT_PRODUCTS_DIR)/NoteApp.app/$(BUNDLE_EXECUTABLE_FOLDER_PATH)/NoteApp";
			};
			name = Debug;
		};
		C35886662BAD429A00182E84 /* Release */ = {
			isa = XCBuildConfiguration;
			buildSettings = {
				ALWAYS_EMBED_SWIFT_STANDARD_LIBRARIES = YES;
				BUNDLE_LOADER = "$(TEST_HOST)";
				CODE_SIGN_STYLE = Automatic;
				CURRENT_PROJECT_VERSION = 1;
				DEVELOPMENT_TEAM = GW582Z4DA7;
				GENERATE_INFOPLIST_FILE = YES;
				IPHONEOS_DEPLOYMENT_TARGET = 17.4;
				MARKETING_VERSION = 1.0;
				PRODUCT_BUNDLE_IDENTIFIER = chalisa.NoteAppTests;
				PRODUCT_NAME = "$(TARGET_NAME)";
				SWIFT_EMIT_LOC_STRINGS = NO;
				SWIFT_VERSION = 5.0;
				TARGETED_DEVICE_FAMILY = "1,2";
				TEST_HOST = "$(BUILT_PRODUCTS_DIR)/NoteApp.app/$(BUNDLE_EXECUTABLE_FOLDER_PATH)/NoteApp";
			};
			name = Release;
		};
		C35886682BAD429A00182E84 /* Debug */ = {
			isa = XCBuildConfiguration;
			buildSettings = {
				ALWAYS_EMBED_SWIFT_STANDARD_LIBRARIES = YES;
				CODE_SIGN_STYLE = Automatic;
				CURRENT_PROJECT_VERSION = 1;
				DEVELOPMENT_TEAM = GW582Z4DA7;
				GENERATE_INFOPLIST_FILE = YES;
				MARKETING_VERSION = 1.0;
				PRODUCT_BUNDLE_IDENTIFIER = chalisa.NoteAppUITests;
				PRODUCT_NAME = "$(TARGET_NAME)";
				SWIFT_EMIT_LOC_STRINGS = NO;
				SWIFT_VERSION = 5.0;
				TARGETED_DEVICE_FAMILY = "1,2";
				TEST_TARGET_NAME = NoteApp;
			};
			name = Debug;
		};
		C35886692BAD429A00182E84 /* Release */ = {
			isa = XCBuildConfiguration;
			buildSettings = {
				ALWAYS_EMBED_SWIFT_STANDARD_LIBRARIES = YES;
				CODE_SIGN_STYLE = Automatic;
				CURRENT_PROJECT_VERSION = 1;
				DEVELOPMENT_TEAM = GW582Z4DA7;
				GENERATE_INFOPLIST_FILE = YES;
				MARKETING_VERSION = 1.0;
				PRODUCT_BUNDLE_IDENTIFIER = chalisa.NoteAppUITests;
				PRODUCT_NAME = "$(TARGET_NAME)";
				SWIFT_EMIT_LOC_STRINGS = NO;
				SWIFT_VERSION = 5.0;
				TARGETED_DEVICE_FAMILY = "1,2";
				TEST_TARGET_NAME = NoteApp;
			};
			name = Release;
		};
/* End XCBuildConfiguration section */

/* Begin XCConfigurationList section */
		C35886382BAD429800182E84 /* Build configuration list for PBXProject "NoteApp" */ = {
			isa = XCConfigurationList;
			buildConfigurations = (
				C358865F2BAD429A00182E84 /* Debug */,
				C35886602BAD429A00182E84 /* Release */,
			);
			defaultConfigurationIsVisible = 0;
			defaultConfigurationName = Release;
		};
		C35886612BAD429A00182E84 /* Build configuration list for PBXNativeTarget "NoteApp" */ = {
			isa = XCConfigurationList;
			buildConfigurations = (
				C35886622BAD429A00182E84 /* Debug */,
				C35886632BAD429A00182E84 /* Release */,
			);
			defaultConfigurationIsVisible = 0;
			defaultConfigurationName = Release;
		};
		C35886642BAD429A00182E84 /* Build configuration list for PBXNativeTarget "NoteAppTests" */ = {
			isa = XCConfigurationList;
			buildConfigurations = (
				C35886652BAD429A00182E84 /* Debug */,
				C35886662BAD429A00182E84 /* Release */,
			);
			defaultConfigurationIsVisible = 0;
			defaultConfigurationName = Release;
		};
		C35886672BAD429A00182E84 /* Build configuration list for PBXNativeTarget "NoteAppUITests" */ = {
			isa = XCConfigurationList;
			buildConfigurations = (
				C35886682BAD429A00182E84 /* Debug */,
				C35886692BAD429A00182E84 /* Release */,
			);
			defaultConfigurationIsVisible = 0;
			defaultConfigurationName = Release;
		};
/* End XCConfigurationList section */

/* Begin XCRemoteSwiftPackageReference section */
		C35886732BAD47D500182E84 /* XCRemoteSwiftPackageReference "firebase-ios-sdk" */ = {
			isa = XCRemoteSwiftPackageReference;
			repositoryURL = "https://github.com/firebase/firebase-ios-sdk";
			requirement = {
				kind = upToNextMajorVersion;
				minimumVersion = 10.23.0;
			};
		};
/* End XCRemoteSwiftPackageReference section */

/* Begin XCSwiftPackageProductDependency section */
		C35886742BAD47D500182E84 /* FirebaseAuth */ = {
			isa = XCSwiftPackageProductDependency;
			package = C35886732BAD47D500182E84 /* XCRemoteSwiftPackageReference "firebase-ios-sdk" */;
			productName = FirebaseAuth;
		};
		C35886762BAD47D500182E84 /* FirebaseDatabase */ = {
			isa = XCSwiftPackageProductDependency;
			package = C35886732BAD47D500182E84 /* XCRemoteSwiftPackageReference "firebase-ios-sdk" */;
			productName = FirebaseDatabase;
		};
		C35886782BAD47D500182E84 /* FirebaseDatabaseSwift */ = {
			isa = XCSwiftPackageProductDependency;
			package = C35886732BAD47D500182E84 /* XCRemoteSwiftPackageReference "firebase-ios-sdk" */;
			productName = FirebaseDatabaseSwift;
		};
		C358867A2BAD47D500182E84 /* FirebaseFirestore */ = {
			isa = XCSwiftPackageProductDependency;
			package = C35886732BAD47D500182E84 /* XCRemoteSwiftPackageReference "firebase-ios-sdk" */;
			productName = FirebaseFirestore;
		};
		C358867C2BAD47D500182E84 /* FirebaseStorage */ = {
			isa = XCSwiftPackageProductDependency;
			package = C35886732BAD47D500182E84 /* XCRemoteSwiftPackageReference "firebase-ios-sdk" */;
			productName = FirebaseStorage;
		};
		C35ED6C72BBACD5F00E18856 /* FirebaseFirestoreSwift */ = {
			isa = XCSwiftPackageProductDependency;
			package = C35886732BAD47D500182E84 /* XCRemoteSwiftPackageReference "firebase-ios-sdk" */;
			productName = FirebaseFirestoreSwift;
		};
/* End XCSwiftPackageProductDependency section */
	};
	rootObject = C35886352BAD429800182E84 /* Project object */;
}
